
Microsoft Visual Studio Solution File, Format Version 12.00
# Visual Studio 15
VisualStudioVersion = 15.0.28010.2046
MinimumVisualStudioVersion = 10.0.40219.1
Project("{9A19103F-16F7-4668-BE54-9A1E7A4F7556}") = "ClassBox", "ClassBox\ClassBox.csproj", "{1043B124-9E28-40AB-948D-DB670F448B70}"
EndProject
Project("{9A19103F-16F7-4668-BE54-9A1E7A4F7556}") = "ClassBoxDataValidation", "ClassBoxDataValidation\ClassBoxDataValidation.csproj", "{B88B8C23-082C-4586-BEFC-5B04D6983049}"
EndProject
Project("{9A19103F-16F7-4668-BE54-9A1E7A4F7556}") = "AnimalFarm", "AnimalFarm\AnimalFarm.csproj", "{5D0CA5F3-2390-46C2-820A-D251BC9497F4}"
EndProject
Project("{FAE04EC0-301F-11D3-BF4B-00C04F79EFBC}") = "ShoppingSpree", "ShoppingSpree\ShoppingSpree.csproj", "{ED1DEDE1-EC27-41C5-9910-1E28D9D46B3E}"
EndProject
Project("{FAE04EC0-301F-11D3-BF4B-00C04F79EFBC}") = "PizzaCalories", "PizzaCalories\PizzaCalories.csproj", "{4F5926A2-303B-4992-BAD5-A568BEBC9A24}"
EndProject
Global
	GlobalSection(SolutionConfigurationPlatforms) = preSolution
		Debug|Any CPU = Debug|Any CPU
		Release|Any CPU = Release|Any CPU
	EndGlobalSection
	GlobalSection(ProjectConfigurationPlatforms) = postSolution
		{1043B124-9E28-40AB-948D-DB670F448B70}.Debug|Any CPU.ActiveCfg = Debug|Any CPU
		{1043B124-9E28-40AB-948D-DB670F448B70}.Debug|Any CPU.Build.0 = Debug|Any CPU
		{1043B124-9E28-40AB-948D-DB670F448B70}.Release|Any CPU.ActiveCfg = Release|Any CPU
		{1043B124-9E28-40AB-948D-DB670F448B70}.Release|Any CPU.Build.0 = Release|Any CPU
		{B88B8C23-082C-4586-BEFC-5B04D6983049}.Debug|Any CPU.ActiveCfg = Debug|Any CPU
		{B88B8C23-082C-4586-BEFC-5B04D6983049}.Debug|Any CPU.Build.0 = Debug|Any CPU
		{B88B8C23-082C-4586-BEFC-5B04D6983049}.Release|Any CPU.ActiveCfg = Release|Any CPU
		{B88B8C23-082C-4586-BEFC-5B04D6983049}.Release|Any CPU.Build.0 = Release|Any CPU
		{5D0CA5F3-2390-46C2-820A-D251BC9497F4}.Debug|Any CPU.ActiveCfg = Debug|Any CPU
		{5D0CA5F3-2390-46C2-820A-D251BC9497F4}.Debug|Any CPU.Build.0 = Debug|Any CPU
		{5D0CA5F3-2390-46C2-820A-D251BC9497F4}.Release|Any CPU.ActiveCfg = Release|Any CPU
		{5D0CA5F3-2390-46C2-820A-D251BC9497F4}.Release|Any CPU.Build.0 = Release|Any CPU
		{ED1DEDE1-EC27-41C5-9910-1E28D9D46B3E}.Debug|Any CPU.ActiveCfg = Debug|Any CPU
		{ED1DEDE1-EC27-41C5-9910-1E28D9D46B3E}.Debug|Any CPU.Build.0 = Debug|Any CPU
		{ED1DEDE1-EC27-41C5-9910-1E28D9D46B3E}.Release|Any CPU.ActiveCfg = Release|Any CPU
		{ED1DEDE1-EC27-41C5-9910-1E28D9D46B3E}.Release|Any CPU.Build.0 = Release|Any CPU
		{4F5926A2-303B-4992-BAD5-A568BEBC9A24}.Debug|Any CPU.ActiveCfg = Debug|Any CPU
		{4F5926A2-303B-4992-BAD5-A568BEBC9A24}.Debug|Any CPU.Build.0 = Debug|Any CPU
		{4F5926A2-303B-4992-BAD5-A568BEBC9A24}.Release|Any CPU.ActiveCfg = Release|Any CPU
		{4F5926A2-303B-4992-BAD5-A568BEBC9A24}.Release|Any CPU.Build.0 = Release|Any CPU
	EndGlobalSection
	GlobalSection(SolutionProperties) = preSolution
		HideSolutionNode = FALSE
	EndGlobalSection
	GlobalSection(ExtensibilityGlobals) = postSolution
		SolutionGuid = {A700862B-275B-4571-A0C2-6E354BAD660F}
	EndGlobalSection
EndGlobal
