
Microsoft Visual Studio Solution File, Format Version 12.00
# Visual Studio 15
VisualStudioVersion = 15.0.28010.2046
MinimumVisualStudioVersion = 10.0.40219.1
Project("{FAE04EC0-301F-11D3-BF4B-00C04F79EFBC}") = "HarvestingFields", "HarvestingFields\HarvestingFields.csproj", "{A03DE460-A9FF-47BC-8691-307FC98EDB96}"
EndProject
Global
	GlobalSection(SolutionConfigurationPlatforms) = preSolution
		Debug|Any CPU = Debug|Any CPU
		Release|Any CPU = Release|Any CPU
	EndGlobalSection
	GlobalSection(ProjectConfigurationPlatforms) = postSolution
		{A03DE460-A9FF-47BC-8691-307FC98EDB96}.Debug|Any CPU.ActiveCfg = Debug|Any CPU
		{A03DE460-A9FF-47BC-8691-307FC98EDB96}.Debug|Any CPU.Build.0 = Debug|Any CPU
		{A03DE460-A9FF-47BC-8691-307FC98EDB96}.Release|Any CPU.ActiveCfg = Release|Any CPU
		{A03DE460-A9FF-47BC-8691-307FC98EDB96}.Release|Any CPU.Build.0 = Release|Any CPU
	EndGlobalSection
	GlobalSection(SolutionProperties) = preSolution
		HideSolutionNode = FALSE
	EndGlobalSection
	GlobalSection(ExtensibilityGlobals) = postSolution
		SolutionGuid = {1CCEC83C-E9BC-42C6-88D2-93D5ED19CD39}
	EndGlobalSection
EndGlobal
