
Microsoft Visual Studio Solution File, Format Version 12.00
# Visual Studio 15
VisualStudioVersion = 15.0.28010.2046
MinimumVisualStudioVersion = 10.0.40219.1
Project("{9A19103F-16F7-4668-BE54-9A1E7A4F7556}") = "ListyIterator", "ListyIterator\ListyIterator.csproj", "{15A6C323-CE52-421F-A6C5-EA6E128D89C3}"
EndProject
Project("{9A19103F-16F7-4668-BE54-9A1E7A4F7556}") = "Stack", "Stack\Stack.csproj", "{F735B117-339E-4E65-98E2-42F14D8E0021}"
EndProject
Project("{9A19103F-16F7-4668-BE54-9A1E7A4F7556}") = "Froggy", "Froggy\Froggy.csproj", "{5B496BD3-3FD7-416F-9DB9-965A2AAED00F}"
EndProject
Project("{9A19103F-16F7-4668-BE54-9A1E7A4F7556}") = "ComparingObjects", "ComparingObjects\ComparingObjects.csproj", "{BA084431-54E1-47FF-9546-3C86411C7E95}"
EndProject
Project("{FAE04EC0-301F-11D3-BF4B-00C04F79EFBC}") = "StrategyPattern", "StrategyPattern\StrategyPattern.csproj", "{F2B6D24B-D047-4B40-82A6-6E82036C0E4E}"
EndProject
Global
	GlobalSection(SolutionConfigurationPlatforms) = preSolution
		Debug|Any CPU = Debug|Any CPU
		Release|Any CPU = Release|Any CPU
	EndGlobalSection
	GlobalSection(ProjectConfigurationPlatforms) = postSolution
		{15A6C323-CE52-421F-A6C5-EA6E128D89C3}.Debug|Any CPU.ActiveCfg = Debug|Any CPU
		{15A6C323-CE52-421F-A6C5-EA6E128D89C3}.Debug|Any CPU.Build.0 = Debug|Any CPU
		{15A6C323-CE52-421F-A6C5-EA6E128D89C3}.Release|Any CPU.ActiveCfg = Release|Any CPU
		{15A6C323-CE52-421F-A6C5-EA6E128D89C3}.Release|Any CPU.Build.0 = Release|Any CPU
		{F735B117-339E-4E65-98E2-42F14D8E0021}.Debug|Any CPU.ActiveCfg = Debug|Any CPU
		{F735B117-339E-4E65-98E2-42F14D8E0021}.Debug|Any CPU.Build.0 = Debug|Any CPU
		{F735B117-339E-4E65-98E2-42F14D8E0021}.Release|Any CPU.ActiveCfg = Release|Any CPU
		{F735B117-339E-4E65-98E2-42F14D8E0021}.Release|Any CPU.Build.0 = Release|Any CPU
		{5B496BD3-3FD7-416F-9DB9-965A2AAED00F}.Debug|Any CPU.ActiveCfg = Debug|Any CPU
		{5B496BD3-3FD7-416F-9DB9-965A2AAED00F}.Debug|Any CPU.Build.0 = Debug|Any CPU
		{5B496BD3-3FD7-416F-9DB9-965A2AAED00F}.Release|Any CPU.ActiveCfg = Release|Any CPU
		{5B496BD3-3FD7-416F-9DB9-965A2AAED00F}.Release|Any CPU.Build.0 = Release|Any CPU
		{BA084431-54E1-47FF-9546-3C86411C7E95}.Debug|Any CPU.ActiveCfg = Debug|Any CPU
		{BA084431-54E1-47FF-9546-3C86411C7E95}.Debug|Any CPU.Build.0 = Debug|Any CPU
		{BA084431-54E1-47FF-9546-3C86411C7E95}.Release|Any CPU.ActiveCfg = Release|Any CPU
		{BA084431-54E1-47FF-9546-3C86411C7E95}.Release|Any CPU.Build.0 = Release|Any CPU
		{F2B6D24B-D047-4B40-82A6-6E82036C0E4E}.Debug|Any CPU.ActiveCfg = Debug|Any CPU
		{F2B6D24B-D047-4B40-82A6-6E82036C0E4E}.Debug|Any CPU.Build.0 = Debug|Any CPU
		{F2B6D24B-D047-4B40-82A6-6E82036C0E4E}.Release|Any CPU.ActiveCfg = Release|Any CPU
		{F2B6D24B-D047-4B40-82A6-6E82036C0E4E}.Release|Any CPU.Build.0 = Release|Any CPU
	EndGlobalSection
	GlobalSection(SolutionProperties) = preSolution
		HideSolutionNode = FALSE
	EndGlobalSection
	GlobalSection(ExtensibilityGlobals) = postSolution
		SolutionGuid = {1B33A10C-8CFA-44B3-9AC2-562E59A4035E}
	EndGlobalSection
EndGlobal
