
Microsoft Visual Studio Solution File, Format Version 12.00
# Visual Studio 15
VisualStudioVersion = 15.0.28010.2046
MinimumVisualStudioVersion = 10.0.40219.1
Project("{9A19103F-16F7-4668-BE54-9A1E7A4F7556}") = "P01_HarvestingFields", "P01_HarvestingFields.csproj", "{B484C40F-6A47-44DA-BC4F-E581DD0D5882}"
EndProject
Global
	GlobalSection(SolutionConfigurationPlatforms) = preSolution
		Debug|Any CPU = Debug|Any CPU
		Release|Any CPU = Release|Any CPU
	EndGlobalSection
	GlobalSection(ProjectConfigurationPlatforms) = postSolution
		{B484C40F-6A47-44DA-BC4F-E581DD0D5882}.Debug|Any CPU.ActiveCfg = Debug|Any CPU
		{B484C40F-6A47-44DA-BC4F-E581DD0D5882}.Debug|Any CPU.Build.0 = Debug|Any CPU
		{B484C40F-6A47-44DA-BC4F-E581DD0D5882}.Release|Any CPU.ActiveCfg = Release|Any CPU
		{B484C40F-6A47-44DA-BC4F-E581DD0D5882}.Release|Any CPU.Build.0 = Release|Any CPU
	EndGlobalSection
	GlobalSection(SolutionProperties) = preSolution
		HideSolutionNode = FALSE
	EndGlobalSection
	GlobalSection(ExtensibilityGlobals) = postSolution
		SolutionGuid = {6553DF08-A56D-4ECE-A945-2FBCF596A959}
	EndGlobalSection
EndGlobal
