
Microsoft Visual Studio Solution File, Format Version 12.00
# Visual Studio 15
VisualStudioVersion = 15.0.28010.2046
MinimumVisualStudioVersion = 10.0.40219.1
Project("{9A19103F-16F7-4668-BE54-9A1E7A4F7556}") = "GenericBoxOfString", "GenericBoxOfString\GenericBoxOfString.csproj", "{0BF771B8-9302-495D-9F1F-7C4B4A19BEE3}"
EndProject
Project("{FAE04EC0-301F-11D3-BF4B-00C04F79EFBC}") = "ThreeUple", "Tuple\ThreeUple.csproj", "{9E580591-7BA3-4C6C-B970-8C6DE38EC861}"
EndProject
Global
	GlobalSection(SolutionConfigurationPlatforms) = preSolution
		Debug|Any CPU = Debug|Any CPU
		Release|Any CPU = Release|Any CPU
	EndGlobalSection
	GlobalSection(ProjectConfigurationPlatforms) = postSolution
		{0BF771B8-9302-495D-9F1F-7C4B4A19BEE3}.Debug|Any CPU.ActiveCfg = Debug|Any CPU
		{0BF771B8-9302-495D-9F1F-7C4B4A19BEE3}.Debug|Any CPU.Build.0 = Debug|Any CPU
		{0BF771B8-9302-495D-9F1F-7C4B4A19BEE3}.Release|Any CPU.ActiveCfg = Release|Any CPU
		{0BF771B8-9302-495D-9F1F-7C4B4A19BEE3}.Release|Any CPU.Build.0 = Release|Any CPU
		{9E580591-7BA3-4C6C-B970-8C6DE38EC861}.Debug|Any CPU.ActiveCfg = Debug|Any CPU
		{9E580591-7BA3-4C6C-B970-8C6DE38EC861}.Debug|Any CPU.Build.0 = Debug|Any CPU
		{9E580591-7BA3-4C6C-B970-8C6DE38EC861}.Release|Any CPU.ActiveCfg = Release|Any CPU
		{9E580591-7BA3-4C6C-B970-8C6DE38EC861}.Release|Any CPU.Build.0 = Release|Any CPU
	EndGlobalSection
	GlobalSection(SolutionProperties) = preSolution
		HideSolutionNode = FALSE
	EndGlobalSection
	GlobalSection(ExtensibilityGlobals) = postSolution
		SolutionGuid = {C5F0AB12-E699-4C7A-920E-58DF4C6E4EE4}
	EndGlobalSection
EndGlobal
